<?xml version="1.0" encoding="utf-8"?>
<Project ToolsVersion="4.0" xmlns="http://schemas.microsoft.com/developer/msbuild/2003">
  <ItemGroup>
    <Filter Include="Source Files">
      <UniqueIdentifier>{4FC737F1-C7A5-4376-A066-2A32D752A2FF}</UniqueIdentifier>
      <Extensions>cpp;c;cc;cxx;def;odl;idl;hpj;bat;asm;asmx</Extensions>
    </Filter>
    <Filter Include="Header Files">
      <UniqueIdentifier>{93995380-89BD-4b04-88EB-625FBE52EBFB}</UniqueIdentifier>
      <Extensions>h;hh;hpp;hxx;hm;inl;inc;xsd</Extensions>
    </Filter>
    <Filter Include="Resource Files">
      <UniqueIdentifier>{67DA6AB6-F800-4c08-8B7A-83BB121AAD01}</UniqueIdentifier>
      <Extensions>rc;ico;cur;bmp;dlg;rc2;rct;bin;rgs;gif;jpg;jpeg;jpe;resx;tiff;tif;png;wav;mfcribbon-ms</Extensions>
    </Filter>
  </ItemGroup>
  <ItemGroup>
    <Text Include="ReadMe.txt" />
  </ItemGroup>
  <ItemGroup>
    <None Include="gadgetlib\Makefile" />
    <None Include="gadgetlib\bigint.tcc" />
    <None Include="gadgetlib\fp.tcc" />
  </ItemGroup>
  <ItemGroup>
    <ClInclude Include="gadgetlib\common_use.hpp">
      <Filter>Header Files</Filter>
    </ClInclude>
    <ClInclude Include="gadgetlib\constraint.hpp">
      <Filter>Header Files</Filter>
    </ClInclude>
    <ClInclude Include="gadgetlib\gadget.hpp">
      <Filter>Header Files</Filter>
    </ClInclude>
    <ClInclude Include="gadgetlib\gadgetMacros.hpp">
      <Filter>Header Files</Filter>
    </ClInclude>
    <ClInclude Include="gadgetlib\infrastructure.hpp">
      <Filter>Header Files</Filter>
    </ClInclude>
    <ClInclude Include="gadgetlib\pp.hpp">
      <Filter>Header Files</Filter>
    </ClInclude>
    <ClInclude Include="gadgetlib\protoboard.hpp">
      <Filter>Header Files</Filter>
    </ClInclude>
  </ItemGroup>
  <ItemGroup>
    <ClCompile Include="gadgetlib\common_use.cpp">
      <Filter>Source Files</Filter>
    </ClCompile>
    <ClCompile Include="gadgetlib\constraint.cpp">
      <Filter>Source Files</Filter>
    </ClCompile>
    <ClCompile Include="gadgetlib\gadget.cpp">
      <Filter>Source Files</Filter>
    </ClCompile>
    <ClCompile Include="gadgetlib\infrastructure.cpp">
      <Filter>Source Files</Filter>
    </ClCompile>
    <ClCompile Include="gadgetlib\pp.cpp">
      <Filter>Source Files</Filter>
    </ClCompile>
    <ClCompile Include="gadgetlib\protoboard.cpp">
      <Filter>Source Files</Filter>
    </ClCompile>
  </ItemGroup>
</Project>